
Microsoft Visual Studio Solution File, Format Version 12.00
# Visual Studio 2013
VisualStudioVersion = 12.0.30723.0
MinimumVisualStudioVersion = 10.0.40219.1
Project("{FAE04EC0-301F-11D3-BF4B-00C04F79EFBC}") = "23AndMe_SNP_Parsing", "23AndMe_SNP_Parsing\23AndMe_SNP_Parsing.csproj", "{CDA1C630-E256-417A-8912-2F4F630EE041}"
EndProject
Global
	GlobalSection(SolutionConfigurationPlatforms) = preSolution
		Debug|Any CPU = Debug|Any CPU
		Release|Any CPU = Release|Any CPU
	EndGlobalSection
	GlobalSection(ProjectConfigurationPlatforms) = postSolution
		{CDA1C630-E256-417A-8912-2F4F630EE041}.Debug|Any CPU.ActiveCfg = Debug|Any CPU
		{CDA1C630-E256-417A-8912-2F4F630EE041}.Debug|Any CPU.Build.0 = Debug|Any CPU
		{CDA1C630-E256-417A-8912-2F4F630EE041}.Release|Any CPU.ActiveCfg = Release|Any CPU
		{CDA1C630-E256-417A-8912-2F4F630EE041}.Release|Any CPU.Build.0 = Release|Any CPU
	EndGlobalSection
	GlobalSection(SolutionProperties) = preSolution
		HideSolutionNode = FALSE
	EndGlobalSection
EndGlobal
